
Microsoft Visual Studio Solution File, Format Version 12.00
# Visual Studio Version 17
VisualStudioVersion = 17.0.31903.59
MinimumVisualStudioVersion = 10.0.40219.1
Project("{2150E333-8FDC-42A3-9474-1A3956D46DE8}") = "Shared", "Shared", "{193271D7-F023-4AFC-9B92-1353D345D7E4}"
EndProject
Project("{FAE04EC0-301F-11D3-BF4B-00C04F79EFBC}") = "CleanArchitectureCQRS.Shared", "CleanArchitectureCQRS.Shared\CleanArchitectureCQRS.Shared.csproj", "{44AA913A-D602-4417-A8B7-70DB29622BEB}"
EndProject
Project("{FAE04EC0-301F-11D3-BF4B-00C04F79EFBC}") = "CleanArchitectureCQRS.Shared.Abstractions", "CleanArchitectureCQRS.Shared.Abstractions\CleanArchitectureCQRS.Shared.Abstractions.csproj", "{8A3FD2BC-0D97-4ACB-BF0A-D2B7FFAC5E83}"
EndProject
Project("{FAE04EC0-301F-11D3-BF4B-00C04F79EFBC}") = "CleanArchitectureCQRS.Domain", "CleanArchitectureCQRS.Domain\CleanArchitectureCQRS.Domain.csproj", "{2FA421C0-40F3-4183-912C-C714EF3D9AAD}"
EndProject
Project("{FAE04EC0-301F-11D3-BF4B-00C04F79EFBC}") = "CleanArchitectureCQRS.Command.Application", "CleanArchitectureCQRS.Command.Application\CleanArchitectureCQRS.Command.Application.csproj", "{02573E39-39FB-4524-B782-EC74CC2BCCE7}"
EndProject
Project("{FAE04EC0-301F-11D3-BF4B-00C04F79EFBC}") = "CleanArchitectureCQRS.Query.Infrastructure", "CleanArchitectureCQRS.Query.Infrastructure\CleanArchitectureCQRS.Query.Infrastructure.csproj", "{882BC558-F641-4233-AC26-A40F95AA78B3}"
EndProject
Project("{FAE04EC0-301F-11D3-BF4B-00C04F79EFBC}") = "CleanArchitectureCQRS.Command.Api", "CleanArchitectureCQRS.Command.Api\CleanArchitectureCQRS.Command.Api.csproj", "{3FC6A760-3A92-49C4-AA0B-4093504613AB}"
EndProject
Project("{FAE04EC0-301F-11D3-BF4B-00C04F79EFBC}") = "CleanArchitecture.CQRS.UnitTest", "CleanArchitecture.CQRS.UnitTest\CleanArchitecture.CQRS.UnitTest.csproj", "{29154E68-2F3B-4EFE-B5F4-5675CDA0849B}"
EndProject
Project("{2150E333-8FDC-42A3-9474-1A3956D46DE8}") = "Command", "Command", "{9E40B1D6-DE79-4B58-8890-4B0114325BBE}"
EndProject
Project("{2150E333-8FDC-42A3-9474-1A3956D46DE8}") = "Query", "Query", "{896E16F5-1856-4991-9CC5-23D730080E58}"
EndProject
Project("{2150E333-8FDC-42A3-9474-1A3956D46DE8}") = "Test", "Test", "{032325C0-0566-4BF0-90B1-E319651C2403}"
EndProject
Project("{FAE04EC0-301F-11D3-BF4B-00C04F79EFBC}") = "CleanArchitectureCQRS.Command.Infrastructure", "CleanArchitectureCQRS.Command.Infrastructure\CleanArchitectureCQRS.Command.Infrastructure.csproj", "{0C68538E-1438-4E75-BCF7-F64326C7A258}"
EndProject
Project("{FAE04EC0-301F-11D3-BF4B-00C04F79EFBC}") = "CleanArchitectureCQRS.Query.Application", "CleanArchitectureCQRS.Query.Application\CleanArchitectureCQRS.Query.Application.csproj", "{BC22318C-32CD-493B-96E3-97B3CEE2EECA}"
EndProject
Project("{FAE04EC0-301F-11D3-BF4B-00C04F79EFBC}") = "CleanArchitectureCQRS.Query.Api", "CleanArchitectureCQRS.Query.Api\CleanArchitectureCQRS.Query.Api.csproj", "{DDEB72A6-1E93-4A29-B26E-3BE5B6B29AA0}"
EndProject
Global
	GlobalSection(SolutionConfigurationPlatforms) = preSolution
		Debug|Any CPU = Debug|Any CPU
		Release|Any CPU = Release|Any CPU
	EndGlobalSection
	GlobalSection(SolutionProperties) = preSolution
		HideSolutionNode = FALSE
	EndGlobalSection
	GlobalSection(ProjectConfigurationPlatforms) = postSolution
		{44AA913A-D602-4417-A8B7-70DB29622BEB}.Debug|Any CPU.ActiveCfg = Debug|Any CPU
		{44AA913A-D602-4417-A8B7-70DB29622BEB}.Debug|Any CPU.Build.0 = Debug|Any CPU
		{44AA913A-D602-4417-A8B7-70DB29622BEB}.Release|Any CPU.ActiveCfg = Release|Any CPU
		{44AA913A-D602-4417-A8B7-70DB29622BEB}.Release|Any CPU.Build.0 = Release|Any CPU
		{8A3FD2BC-0D97-4ACB-BF0A-D2B7FFAC5E83}.Debug|Any CPU.ActiveCfg = Debug|Any CPU
		{8A3FD2BC-0D97-4ACB-BF0A-D2B7FFAC5E83}.Debug|Any CPU.Build.0 = Debug|Any CPU
		{8A3FD2BC-0D97-4ACB-BF0A-D2B7FFAC5E83}.Release|Any CPU.ActiveCfg = Release|Any CPU
		{8A3FD2BC-0D97-4ACB-BF0A-D2B7FFAC5E83}.Release|Any CPU.Build.0 = Release|Any CPU
		{2FA421C0-40F3-4183-912C-C714EF3D9AAD}.Debug|Any CPU.ActiveCfg = Debug|Any CPU
		{2FA421C0-40F3-4183-912C-C714EF3D9AAD}.Debug|Any CPU.Build.0 = Debug|Any CPU
		{2FA421C0-40F3-4183-912C-C714EF3D9AAD}.Release|Any CPU.ActiveCfg = Release|Any CPU
		{2FA421C0-40F3-4183-912C-C714EF3D9AAD}.Release|Any CPU.Build.0 = Release|Any CPU
		{02573E39-39FB-4524-B782-EC74CC2BCCE7}.Debug|Any CPU.ActiveCfg = Debug|Any CPU
		{02573E39-39FB-4524-B782-EC74CC2BCCE7}.Debug|Any CPU.Build.0 = Debug|Any CPU
		{02573E39-39FB-4524-B782-EC74CC2BCCE7}.Release|Any CPU.ActiveCfg = Release|Any CPU
		{02573E39-39FB-4524-B782-EC74CC2BCCE7}.Release|Any CPU.Build.0 = Release|Any CPU
		{882BC558-F641-4233-AC26-A40F95AA78B3}.Debug|Any CPU.ActiveCfg = Debug|Any CPU
		{882BC558-F641-4233-AC26-A40F95AA78B3}.Debug|Any CPU.Build.0 = Debug|Any CPU
		{882BC558-F641-4233-AC26-A40F95AA78B3}.Release|Any CPU.ActiveCfg = Release|Any CPU
		{882BC558-F641-4233-AC26-A40F95AA78B3}.Release|Any CPU.Build.0 = Release|Any CPU
		{3FC6A760-3A92-49C4-AA0B-4093504613AB}.Debug|Any CPU.ActiveCfg = Debug|Any CPU
		{3FC6A760-3A92-49C4-AA0B-4093504613AB}.Debug|Any CPU.Build.0 = Debug|Any CPU
		{3FC6A760-3A92-49C4-AA0B-4093504613AB}.Release|Any CPU.ActiveCfg = Release|Any CPU
		{3FC6A760-3A92-49C4-AA0B-4093504613AB}.Release|Any CPU.Build.0 = Release|Any CPU
		{29154E68-2F3B-4EFE-B5F4-5675CDA0849B}.Debug|Any CPU.ActiveCfg = Debug|Any CPU
		{29154E68-2F3B-4EFE-B5F4-5675CDA0849B}.Debug|Any CPU.Build.0 = Debug|Any CPU
		{29154E68-2F3B-4EFE-B5F4-5675CDA0849B}.Release|Any CPU.ActiveCfg = Release|Any CPU
		{29154E68-2F3B-4EFE-B5F4-5675CDA0849B}.Release|Any CPU.Build.0 = Release|Any CPU
		{0C68538E-1438-4E75-BCF7-F64326C7A258}.Debug|Any CPU.ActiveCfg = Debug|Any CPU
		{0C68538E-1438-4E75-BCF7-F64326C7A258}.Debug|Any CPU.Build.0 = Debug|Any CPU
		{0C68538E-1438-4E75-BCF7-F64326C7A258}.Release|Any CPU.ActiveCfg = Release|Any CPU
		{0C68538E-1438-4E75-BCF7-F64326C7A258}.Release|Any CPU.Build.0 = Release|Any CPU
		{BC22318C-32CD-493B-96E3-97B3CEE2EECA}.Debug|Any CPU.ActiveCfg = Debug|Any CPU
		{BC22318C-32CD-493B-96E3-97B3CEE2EECA}.Debug|Any CPU.Build.0 = Debug|Any CPU
		{BC22318C-32CD-493B-96E3-97B3CEE2EECA}.Release|Any CPU.ActiveCfg = Release|Any CPU
		{BC22318C-32CD-493B-96E3-97B3CEE2EECA}.Release|Any CPU.Build.0 = Release|Any CPU
		{DDEB72A6-1E93-4A29-B26E-3BE5B6B29AA0}.Debug|Any CPU.ActiveCfg = Debug|Any CPU
		{DDEB72A6-1E93-4A29-B26E-3BE5B6B29AA0}.Debug|Any CPU.Build.0 = Debug|Any CPU
		{DDEB72A6-1E93-4A29-B26E-3BE5B6B29AA0}.Release|Any CPU.ActiveCfg = Release|Any CPU
		{DDEB72A6-1E93-4A29-B26E-3BE5B6B29AA0}.Release|Any CPU.Build.0 = Release|Any CPU
	EndGlobalSection
	GlobalSection(NestedProjects) = preSolution
		{DDEB72A6-1E93-4A29-B26E-3BE5B6B29AA0} = {896E16F5-1856-4991-9CC5-23D730080E58}
		{BC22318C-32CD-493B-96E3-97B3CEE2EECA} = {896E16F5-1856-4991-9CC5-23D730080E58}
		{0C68538E-1438-4E75-BCF7-F64326C7A258} = {9E40B1D6-DE79-4B58-8890-4B0114325BBE}
		{882BC558-F641-4233-AC26-A40F95AA78B3} = {896E16F5-1856-4991-9CC5-23D730080E58}
		{2FA421C0-40F3-4183-912C-C714EF3D9AAD} = {193271D7-F023-4AFC-9B92-1353D345D7E4}
		{02573E39-39FB-4524-B782-EC74CC2BCCE7} = {9E40B1D6-DE79-4B58-8890-4B0114325BBE}
		{3FC6A760-3A92-49C4-AA0B-4093504613AB} = {9E40B1D6-DE79-4B58-8890-4B0114325BBE}
		{29154E68-2F3B-4EFE-B5F4-5675CDA0849B} = {032325C0-0566-4BF0-90B1-E319651C2403}
		{8A3FD2BC-0D97-4ACB-BF0A-D2B7FFAC5E83} = {193271D7-F023-4AFC-9B92-1353D345D7E4}
		{44AA913A-D602-4417-A8B7-70DB29622BEB} = {193271D7-F023-4AFC-9B92-1353D345D7E4}
	EndGlobalSection
EndGlobal
